// !$*UTF8*$!
{
	archiveVersion = 1;
	classes = {
	};
	objectVersion = 56;
	objects = {

/* Begin PBXBuildFile section */
		A60F57332A64963E00073D5E /* StarshipsListView.swift in Sources */ = {isa = PBXBuildFile; fileRef = A60F57322A64963E00073D5E /* StarshipsListView.swift */; };
		A60F57352A64973C00073D5E /* StarshipsModel.swift in Sources */ = {isa = PBXBuildFile; fileRef = A60F57342A64973C00073D5E /* StarshipsModel.swift */; };
		A60F57372A64A21400073D5E /* StarshipRoute.swift in Sources */ = {isa = PBXBuildFile; fileRef = A60F57362A64A21400073D5E /* StarshipRoute.swift */; };
		A60F57392A64A93100073D5E /* StarshipsCoordinator.swift in Sources */ = {isa = PBXBuildFile; fileRef = A60F57382A64A93100073D5E /* StarshipsCoordinator.swift */; };
		A67247032A62FD5C00952BD6 /* AppDelegate.swift in Sources */ = {isa = PBXBuildFile; fileRef = A67247022A62FD5C00952BD6 /* AppDelegate.swift */; };
		A67247052A62FD5C00952BD6 /* SceneDelegate.swift in Sources */ = {isa = PBXBuildFile; fileRef = A67247042A62FD5C00952BD6 /* SceneDelegate.swift */; };
		A672470C2A62FD5D00952BD6 /* Assets.xcassets in Resources */ = {isa = PBXBuildFile; fileRef = A672470B2A62FD5D00952BD6 /* Assets.xcassets */; };
		A672470F2A62FD5D00952BD6 /* LaunchScreen.storyboard in Resources */ = {isa = PBXBuildFile; fileRef = A672470D2A62FD5D00952BD6 /* LaunchScreen.storyboard */; };
		A68703F32A6B325F00DDD767 /* SWAPIManager.swift in Sources */ = {isa = PBXBuildFile; fileRef = A68703F22A6B325F00DDD767 /* SWAPIManager.swift */; };
		A68703F82A6B331400DDD767 /* DefaultSWAPIManager.swift in Sources */ = {isa = PBXBuildFile; fileRef = A68703F72A6B331400DDD767 /* DefaultSWAPIManager.swift */; };
		A68703FB2A6B353F00DDD767 /* DefaultNetworkingManager.swift in Sources */ = {isa = PBXBuildFile; fileRef = A68703FA2A6B353F00DDD767 /* DefaultNetworkingManager.swift */; };
		A6A484B42A62FEF100B9418D /* StarshipModel.swift in Sources */ = {isa = PBXBuildFile; fileRef = A6A484B32A62FEF100B9418D /* StarshipModel.swift */; };
		A6A484B62A6301D300B9418D /* NetworkingManager.swift in Sources */ = {isa = PBXBuildFile; fileRef = A6A484B52A6301D300B9418D /* NetworkingManager.swift */; };
		A6A484B82A633C5B00B9418D /* HTTPMethod.swift in Sources */ = {isa = PBXBuildFile; fileRef = A6A484B72A633C5B00B9418D /* HTTPMethod.swift */; };
		A6A484BB2A633D2E00B9418D /* EndpointRepresentable.swift in Sources */ = {isa = PBXBuildFile; fileRef = A6A484BA2A633D2E00B9418D /* EndpointRepresentable.swift */; };
		A6A484BD2A633F9800B9418D /* StarshipEndpoint.swift in Sources */ = {isa = PBXBuildFile; fileRef = A6A484BC2A633F9800B9418D /* StarshipEndpoint.swift */; };
		A6A484BF2A63449A00B9418D /* EndpointFactory.swift in Sources */ = {isa = PBXBuildFile; fileRef = A6A484BE2A63449A00B9418D /* EndpointFactory.swift */; };
		A6A484C12A635A0300B9418D /* StarshipDetailView.swift in Sources */ = {isa = PBXBuildFile; fileRef = A6A484C02A635A0300B9418D /* StarshipDetailView.swift */; };
		A6A484C32A63624A00B9418D /* Coordinator.swift in Sources */ = {isa = PBXBuildFile; fileRef = A6A484C22A63624A00B9418D /* Coordinator.swift */; };
		A6A484C52A6362E200B9418D /* AppCoordinator.swift in Sources */ = {isa = PBXBuildFile; fileRef = A6A484C42A6362E200B9418D /* AppCoordinator.swift */; };
		A6A484C72A63639100B9418D /* MainMenuView.swift in Sources */ = {isa = PBXBuildFile; fileRef = A6A484C62A63639100B9418D /* MainMenuView.swift */; };
		A6A484C92A63647600B9418D /* AppRoute.swift in Sources */ = {isa = PBXBuildFile; fileRef = A6A484C82A63647600B9418D /* AppRoute.swift */; };
/* End PBXBuildFile section */

/* Begin PBXFileReference section */
		A60F57322A64963E00073D5E /* StarshipsListView.swift */ = {isa = PBXFileReference; lastKnownFileType = sourcecode.swift; path = StarshipsListView.swift; sourceTree = "<group>"; };
		A60F57342A64973C00073D5E /* StarshipsModel.swift */ = {isa = PBXFileReference; lastKnownFileType = sourcecode.swift; path = StarshipsModel.swift; sourceTree = "<group>"; };
		A60F57362A64A21400073D5E /* StarshipRoute.swift */ = {isa = PBXFileReference; lastKnownFileType = sourcecode.swift; path = StarshipRoute.swift; sourceTree = "<group>"; };
		A60F57382A64A93100073D5E /* StarshipsCoordinator.swift */ = {isa = PBXFileReference; lastKnownFileType = sourcecode.swift; path = StarshipsCoordinator.swift; sourceTree = "<group>"; };
		A67246FF2A62FD5C00952BD6 /* Microapps.app */ = {isa = PBXFileReference; explicitFileType = wrapper.application; includeInIndex = 0; path = Microapps.app; sourceTree = BUILT_PRODUCTS_DIR; };
		A67247022A62FD5C00952BD6 /* AppDelegate.swift */ = {isa = PBXFileReference; lastKnownFileType = sourcecode.swift; path = AppDelegate.swift; sourceTree = "<group>"; };
		A67247042A62FD5C00952BD6 /* SceneDelegate.swift */ = {isa = PBXFileReference; lastKnownFileType = sourcecode.swift; path = SceneDelegate.swift; sourceTree = "<group>"; };
		A672470B2A62FD5D00952BD6 /* Assets.xcassets */ = {isa = PBXFileReference; lastKnownFileType = folder.assetcatalog; path = Assets.xcassets; sourceTree = "<group>"; };
		A672470E2A62FD5D00952BD6 /* Base */ = {isa = PBXFileReference; lastKnownFileType = file.storyboard; name = Base; path = Base.lproj/LaunchScreen.storyboard; sourceTree = "<group>"; };
		A67247102A62FD5D00952BD6 /* Info.plist */ = {isa = PBXFileReference; lastKnownFileType = text.plist.xml; path = Info.plist; sourceTree = "<group>"; };
		A68703F22A6B325F00DDD767 /* SWAPIManager.swift */ = {isa = PBXFileReference; lastKnownFileType = sourcecode.swift; path = SWAPIManager.swift; sourceTree = "<group>"; };
		A68703F72A6B331400DDD767 /* DefaultSWAPIManager.swift */ = {isa = PBXFileReference; lastKnownFileType = sourcecode.swift; path = DefaultSWAPIManager.swift; sourceTree = "<group>"; };
		A68703FA2A6B353F00DDD767 /* DefaultNetworkingManager.swift */ = {isa = PBXFileReference; lastKnownFileType = sourcecode.swift; path = DefaultNetworkingManager.swift; sourceTree = "<group>"; };
		A6A484B32A62FEF100B9418D /* StarshipModel.swift */ = {isa = PBXFileReference; lastKnownFileType = sourcecode.swift; path = StarshipModel.swift; sourceTree = "<group>"; };
		A6A484B52A6301D300B9418D /* NetworkingManager.swift */ = {isa = PBXFileReference; lastKnownFileType = sourcecode.swift; path = NetworkingManager.swift; sourceTree = "<group>"; };
		A6A484B72A633C5B00B9418D /* HTTPMethod.swift */ = {isa = PBXFileReference; lastKnownFileType = sourcecode.swift; path = HTTPMethod.swift; sourceTree = "<group>"; };
		A6A484BA2A633D2E00B9418D /* EndpointRepresentable.swift */ = {isa = PBXFileReference; lastKnownFileType = sourcecode.swift; path = EndpointRepresentable.swift; sourceTree = "<group>"; };
		A6A484BC2A633F9800B9418D /* StarshipEndpoint.swift */ = {isa = PBXFileReference; lastKnownFileType = sourcecode.swift; path = StarshipEndpoint.swift; sourceTree = "<group>"; };
		A6A484BE2A63449A00B9418D /* EndpointFactory.swift */ = {isa = PBXFileReference; lastKnownFileType = sourcecode.swift; path = EndpointFactory.swift; sourceTree = "<group>"; };
		A6A484C02A635A0300B9418D /* StarshipDetailView.swift */ = {isa = PBXFileReference; lastKnownFileType = sourcecode.swift; path = StarshipDetailView.swift; sourceTree = "<group>"; };
		A6A484C22A63624A00B9418D /* Coordinator.swift */ = {isa = PBXFileReference; lastKnownFileType = sourcecode.swift; path = Coordinator.swift; sourceTree = "<group>"; };
		A6A484C42A6362E200B9418D /* AppCoordinator.swift */ = {isa = PBXFileReference; lastKnownFileType = sourcecode.swift; path = AppCoordinator.swift; sourceTree = "<group>"; };
		A6A484C62A63639100B9418D /* MainMenuView.swift */ = {isa = PBXFileReference; lastKnownFileType = sourcecode.swift; path = MainMenuView.swift; sourceTree = "<group>"; };
		A6A484C82A63647600B9418D /* AppRoute.swift */ = {isa = PBXFileReference; lastKnownFileType = sourcecode.swift; path = AppRoute.swift; sourceTree = "<group>"; };
/* End PBXFileReference section */

/* Begin PBXFrameworksBuildPhase section */
		A67246FC2A62FD5C00952BD6 /* Frameworks */ = {
			isa = PBXFrameworksBuildPhase;
			buildActionMask = 2147483647;
			files = (
			);
			runOnlyForDeploymentPostprocessing = 0;
		};
/* End PBXFrameworksBuildPhase section */

/* Begin PBXGroup section */
		A60F57302A648C1300073D5E /* Main Menu */ = {
			isa = PBXGroup;
			children = (
				A6A484C62A63639100B9418D /* MainMenuView.swift */,
			);
			path = "Main Menu";
			sourceTree = "<group>";
		};
		A60F57312A648E0A00073D5E /* Starship */ = {
			isa = PBXGroup;
			children = (
				A6A484BC2A633F9800B9418D /* StarshipEndpoint.swift */,
				A6A484B32A62FEF100B9418D /* StarshipModel.swift */,
				A60F57342A64973C00073D5E /* StarshipsModel.swift */,
			);
			path = Starship;
			sourceTree = "<group>";
		};
		A67246F62A62FD5C00952BD6 = {
			isa = PBXGroup;
			children = (
				A67247012A62FD5C00952BD6 /* Microapps */,
				A67247002A62FD5C00952BD6 /* Products */,
			);
			sourceTree = "<group>";
		};
		A67247002A62FD5C00952BD6 /* Products */ = {
			isa = PBXGroup;
			children = (
				A67246FF2A62FD5C00952BD6 /* Microapps.app */,
			);
			name = Products;
			sourceTree = "<group>";
		};
		A67247012A62FD5C00952BD6 /* Microapps */ = {
			isa = PBXGroup;
			children = (
				A67247022A62FD5C00952BD6 /* AppDelegate.swift */,
				A67247042A62FD5C00952BD6 /* SceneDelegate.swift */,
				A6A484CB2A6374B800B9418D /* Coordinators */,
				A6A484B92A633C7300B9418D /* Networking */,
				A6A484CA2A6364B000B9418D /* Routes */,
				A6A484CC2A6374F300B9418D /* Views */,
				A672470B2A62FD5D00952BD6 /* Assets.xcassets */,
				A672470D2A62FD5D00952BD6 /* LaunchScreen.storyboard */,
				A67247102A62FD5D00952BD6 /* Info.plist */,
			);
			path = Microapps;
			sourceTree = "<group>";
		};
		A68703F62A6B32ED00DDD767 /* SWAPI Platform */ = {
			isa = PBXGroup;
			children = (
				A68703F22A6B325F00DDD767 /* SWAPIManager.swift */,
				A68703F72A6B331400DDD767 /* DefaultSWAPIManager.swift */,
			);
			path = "SWAPI Platform";
			sourceTree = "<group>";
		};
		A68703F92A6B353400DDD767 /* Networking Manager */ = {
			isa = PBXGroup;
			children = (
				A6A484B52A6301D300B9418D /* NetworkingManager.swift */,
				A68703FA2A6B353F00DDD767 /* DefaultNetworkingManager.swift */,
			);
			path = "Networking Manager";
			sourceTree = "<group>";
		};
		A6A484B92A633C7300B9418D /* Networking */ = {
			isa = PBXGroup;
			children = (
				A68703F92A6B353400DDD767 /* Networking Manager */,
				A68703F62A6B32ED00DDD767 /* SWAPI Platform */,
				A6A484B72A633C5B00B9418D /* HTTPMethod.swift */,
				A6A484BA2A633D2E00B9418D /* EndpointRepresentable.swift */,
				A6A484BE2A63449A00B9418D /* EndpointFactory.swift */,
				A60F57312A648E0A00073D5E /* Starship */,
			);
			path = Networking;
			sourceTree = "<group>";
		};
		A6A484CA2A6364B000B9418D /* Routes */ = {
			isa = PBXGroup;
			children = (
				A6A484C82A63647600B9418D /* AppRoute.swift */,
				A60F57362A64A21400073D5E /* StarshipRoute.swift */,
			);
			path = Routes;
			sourceTree = "<group>";
		};
		A6A484CB2A6374B800B9418D /* Coordinators */ = {
			isa = PBXGroup;
			children = (
				A6A484C22A63624A00B9418D /* Coordinator.swift */,
				A6A484C42A6362E200B9418D /* AppCoordinator.swift */,
				A60F57382A64A93100073D5E /* StarshipsCoordinator.swift */,
			);
			path = Coordinators;
			sourceTree = "<group>";
		};
		A6A484CC2A6374F300B9418D /* Views */ = {
			isa = PBXGroup;
			children = (
				A60F57302A648C1300073D5E /* Main Menu */,
				A6A484CD2A6374F900B9418D /* Starships */,
			);
			path = Views;
			sourceTree = "<group>";
		};
		A6A484CD2A6374F900B9418D /* Starships */ = {
			isa = PBXGroup;
			children = (
				A6A484C02A635A0300B9418D /* StarshipDetailView.swift */,
				A60F57322A64963E00073D5E /* StarshipsListView.swift */,
			);
			path = Starships;
			sourceTree = "<group>";
		};
/* End PBXGroup section */

/* Begin PBXNativeTarget section */
		A67246FE2A62FD5C00952BD6 /* Microapps */ = {
			isa = PBXNativeTarget;
			buildConfigurationList = A67247132A62FD5D00952BD6 /* Build configuration list for PBXNativeTarget "Microapps" */;
			buildPhases = (
				A67246FB2A62FD5C00952BD6 /* Sources */,
				A67246FC2A62FD5C00952BD6 /* Frameworks */,
				A67246FD2A62FD5C00952BD6 /* Resources */,
			);
			buildRules = (
			);
			dependencies = (
			);
			name = Microapps;
			productName = Microapps;
			productReference = A67246FF2A62FD5C00952BD6 /* Microapps.app */;
			productType = "com.apple.product-type.application";
		};
/* End PBXNativeTarget section */

/* Begin PBXProject section */
		A67246F72A62FD5C00952BD6 /* Project object */ = {
			isa = PBXProject;
			attributes = {
				BuildIndependentTargetsInParallel = 1;
				LastSwiftUpdateCheck = 1430;
				LastUpgradeCheck = 1430;
				TargetAttributes = {
					A67246FE2A62FD5C00952BD6 = {
						CreatedOnToolsVersion = 14.3;
					};
				};
			};
			buildConfigurationList = A67246FA2A62FD5C00952BD6 /* Build configuration list for PBXProject "Microapps" */;
			compatibilityVersion = "Xcode 14.0";
			developmentRegion = en;
			hasScannedForEncodings = 0;
			knownRegions = (
				en,
				Base,
			);
			mainGroup = A67246F62A62FD5C00952BD6;
			productRefGroup = A67247002A62FD5C00952BD6 /* Products */;
			projectDirPath = "";
			projectRoot = "";
			targets = (
				A67246FE2A62FD5C00952BD6 /* Microapps */,
			);
		};
/* End PBXProject section */

/* Begin PBXResourcesBuildPhase section */
		A67246FD2A62FD5C00952BD6 /* Resources */ = {
			isa = PBXResourcesBuildPhase;
			buildActionMask = 2147483647;
			files = (
				A672470F2A62FD5D00952BD6 /* LaunchScreen.storyboard in Resources */,
				A672470C2A62FD5D00952BD6 /* Assets.xcassets in Resources */,
			);
			runOnlyForDeploymentPostprocessing = 0;
		};
/* End PBXResourcesBuildPhase section */

/* Begin PBXSourcesBuildPhase section */
		A67246FB2A62FD5C00952BD6 /* Sources */ = {
			isa = PBXSourcesBuildPhase;
			buildActionMask = 2147483647;
			files = (
				A60F57332A64963E00073D5E /* StarshipsListView.swift in Sources */,
				A6A484C52A6362E200B9418D /* AppCoordinator.swift in Sources */,
				A68703F32A6B325F00DDD767 /* SWAPIManager.swift in Sources */,
				A6A484C72A63639100B9418D /* MainMenuView.swift in Sources */,
				A60F57392A64A93100073D5E /* StarshipsCoordinator.swift in Sources */,
				A6A484BB2A633D2E00B9418D /* EndpointRepresentable.swift in Sources */,
				A6A484B42A62FEF100B9418D /* StarshipModel.swift in Sources */,
				A68703F82A6B331400DDD767 /* DefaultSWAPIManager.swift in Sources */,
				A6A484C92A63647600B9418D /* AppRoute.swift in Sources */,
				A6A484BD2A633F9800B9418D /* StarshipEndpoint.swift in Sources */,
				A6A484C12A635A0300B9418D /* StarshipDetailView.swift in Sources */,
				A6A484B82A633C5B00B9418D /* HTTPMethod.swift in Sources */,
				A6A484C32A63624A00B9418D /* Coordinator.swift in Sources */,
				A68703FB2A6B353F00DDD767 /* DefaultNetworkingManager.swift in Sources */,
				A6A484BF2A63449A00B9418D /* EndpointFactory.swift in Sources */,
				A60F57372A64A21400073D5E /* StarshipRoute.swift in Sources */,
				A67247032A62FD5C00952BD6 /* AppDelegate.swift in Sources */,
				A6A484B62A6301D300B9418D /* NetworkingManager.swift in Sources */,
				A67247052A62FD5C00952BD6 /* SceneDelegate.swift in Sources */,
				A60F57352A64973C00073D5E /* StarshipsModel.swift in Sources */,
			);
			runOnlyForDeploymentPostprocessing = 0;
		};
/* End PBXSourcesBuildPhase section */

/* Begin PBXVariantGroup section */
		A672470D2A62FD5D00952BD6 /* LaunchScreen.storyboard */ = {
			isa = PBXVariantGroup;
			children = (
				A672470E2A62FD5D00952BD6 /* Base */,
			);
			name = LaunchScreen.storyboard;
			sourceTree = "<group>";
		};
/* End PBXVariantGroup section */

/* Begin XCBuildConfiguration section */
		A67247112A62FD5D00952BD6 /* Debug */ = {
			isa = XCBuildConfiguration;
			buildSettings = {
				ALWAYS_SEARCH_USER_PATHS = NO;
				CLANG_ANALYZER_NONNULL = YES;
				CLANG_ANALYZER_NUMBER_OBJECT_CONVERSION = YES_AGGRESSIVE;
				CLANG_CXX_LANGUAGE_STANDARD = "gnu++20";
				CLANG_ENABLE_MODULES = YES;
				CLANG_ENABLE_OBJC_ARC = YES;
				CLANG_ENABLE_OBJC_WEAK = YES;
				CLANG_WARN_BLOCK_CAPTURE_AUTORELEASING = YES;
				CLANG_WARN_BOOL_CONVERSION = YES;
				CLANG_WARN_COMMA = YES;
				CLANG_WARN_CONSTANT_CONVERSION = YES;
				CLANG_WARN_DEPRECATED_OBJC_IMPLEMENTATIONS = YES;
				CLANG_WARN_DIRECT_OBJC_ISA_USAGE = YES_ERROR;
				CLANG_WARN_DOCUMENTATION_COMMENTS = YES;
				CLANG_WARN_EMPTY_BODY = YES;
				CLANG_WARN_ENUM_CONVERSION = YES;
				CLANG_WARN_INFINITE_RECURSION = YES;
				CLANG_WARN_INT_CONVERSION = YES;
				CLANG_WARN_NON_LITERAL_NULL_CONVERSION = YES;
				CLANG_WARN_OBJC_IMPLICIT_RETAIN_SELF = YES;
				CLANG_WARN_OBJC_LITERAL_CONVERSION = YES;
				CLANG_WARN_OBJC_ROOT_CLASS = YES_ERROR;
				CLANG_WARN_QUOTED_INCLUDE_IN_FRAMEWORK_HEADER = YES;
				CLANG_WARN_RANGE_LOOP_ANALYSIS = YES;
				CLANG_WARN_STRICT_PROTOTYPES = YES;
				CLANG_WARN_SUSPICIOUS_MOVE = YES;
				CLANG_WARN_UNGUARDED_AVAILABILITY = YES_AGGRESSIVE;
				CLANG_WARN_UNREACHABLE_CODE = YES;
				CLANG_WARN__DUPLICATE_METHOD_MATCH = YES;
				COPY_PHASE_STRIP = NO;
				DEBUG_INFORMATION_FORMAT = dwarf;
				ENABLE_STRICT_OBJC_MSGSEND = YES;
				ENABLE_TESTABILITY = YES;
				GCC_C_LANGUAGE_STANDARD = gnu11;
				GCC_DYNAMIC_NO_PIC = NO;
				GCC_NO_COMMON_BLOCKS = YES;
				GCC_OPTIMIZATION_LEVEL = 0;
				GCC_PREPROCESSOR_DEFINITIONS = (
					"DEBUG=1",
					"$(inherited)",
				);
				GCC_WARN_64_TO_32_BIT_CONVERSION = YES;
				GCC_WARN_ABOUT_RETURN_TYPE = YES_ERROR;
				GCC_WARN_UNDECLARED_SELECTOR = YES;
				GCC_WARN_UNINITIALIZED_AUTOS = YES_AGGRESSIVE;
				GCC_WARN_UNUSED_FUNCTION = YES;
				GCC_WARN_UNUSED_VARIABLE = YES;
				IPHONEOS_DEPLOYMENT_TARGET = 16.4;
				MTL_ENABLE_DEBUG_INFO = INCLUDE_SOURCE;
				MTL_FAST_MATH = YES;
				ONLY_ACTIVE_ARCH = YES;
				SDKROOT = iphoneos;
				SWIFT_ACTIVE_COMPILATION_CONDITIONS = DEBUG;
				SWIFT_OPTIMIZATION_LEVEL = "-Onone";
			};
			name = Debug;
		};
		A67247122A62FD5D00952BD6 /* Release */ = {
			isa = XCBuildConfiguration;
			buildSettings = {
				ALWAYS_SEARCH_USER_PATHS = NO;
				CLANG_ANALYZER_NONNULL = YES;
				CLANG_ANALYZER_NUMBER_OBJECT_CONVERSION = YES_AGGRESSIVE;
				CLANG_CXX_LANGUAGE_STANDARD = "gnu++20";
				CLANG_ENABLE_MODULES = YES;
				CLANG_ENABLE_OBJC_ARC = YES;
				CLANG_ENABLE_OBJC_WEAK = YES;
				CLANG_WARN_BLOCK_CAPTURE_AUTORELEASING = YES;
				CLANG_WARN_BOOL_CONVERSION = YES;
				CLANG_WARN_COMMA = YES;
				CLANG_WARN_CONSTANT_CONVERSION = YES;
				CLANG_WARN_DEPRECATED_OBJC_IMPLEMENTATIONS = YES;
				CLANG_WARN_DIRECT_OBJC_ISA_USAGE = YES_ERROR;
				CLANG_WARN_DOCUMENTATION_COMMENTS = YES;
				CLANG_WARN_EMPTY_BODY = YES;
				CLANG_WARN_ENUM_CONVERSION = YES;
				CLANG_WARN_INFINITE_RECURSION = YES;
				CLANG_WARN_INT_CONVERSION = YES;
				CLANG_WARN_NON_LITERAL_NULL_CONVERSION = YES;
				CLANG_WARN_OBJC_IMPLICIT_RETAIN_SELF = YES;
				CLANG_WARN_OBJC_LITERAL_CONVERSION = YES;
				CLANG_WARN_OBJC_ROOT_CLASS = YES_ERROR;
				CLANG_WARN_QUOTED_INCLUDE_IN_FRAMEWORK_HEADER = YES;
				CLANG_WARN_RANGE_LOOP_ANALYSIS = YES;
				CLANG_WARN_STRICT_PROTOTYPES = YES;
				CLANG_WARN_SUSPICIOUS_MOVE = YES;
				CLANG_WARN_UNGUARDED_AVAILABILITY = YES_AGGRESSIVE;
				CLANG_WARN_UNREACHABLE_CODE = YES;
				CLANG_WARN__DUPLICATE_METHOD_MATCH = YES;
				COPY_PHASE_STRIP = NO;
				DEBUG_INFORMATION_FORMAT = "dwarf-with-dsym";
				ENABLE_NS_ASSERTIONS = NO;
				ENABLE_STRICT_OBJC_MSGSEND = YES;
				GCC_C_LANGUAGE_STANDARD = gnu11;
				GCC_NO_COMMON_BLOCKS = YES;
				GCC_WARN_64_TO_32_BIT_CONVERSION = YES;
				GCC_WARN_ABOUT_RETURN_TYPE = YES_ERROR;
				GCC_WARN_UNDECLARED_SELECTOR = YES;
				GCC_WARN_UNINITIALIZED_AUTOS = YES_AGGRESSIVE;
				GCC_WARN_UNUSED_FUNCTION = YES;
				GCC_WARN_UNUSED_VARIABLE = YES;
				IPHONEOS_DEPLOYMENT_TARGET = 16.4;
				MTL_ENABLE_DEBUG_INFO = NO;
				MTL_FAST_MATH = YES;
				SDKROOT = iphoneos;
				SWIFT_COMPILATION_MODE = wholemodule;
				SWIFT_OPTIMIZATION_LEVEL = "-O";
				VALIDATE_PRODUCT = YES;
			};
			name = Release;
		};
		A67247142A62FD5D00952BD6 /* Debug */ = {
			isa = XCBuildConfiguration;
			buildSettings = {
				ASSETCATALOG_COMPILER_APPICON_NAME = AppIcon;
				ASSETCATALOG_COMPILER_GLOBAL_ACCENT_COLOR_NAME = AccentColor;
				CODE_SIGN_STYLE = Automatic;
				CURRENT_PROJECT_VERSION = 1;
				DEVELOPMENT_TEAM = TJLN73FNPN;
				GENERATE_INFOPLIST_FILE = YES;
				INFOPLIST_FILE = Microapps/Info.plist;
				INFOPLIST_KEY_UIApplicationSupportsIndirectInputEvents = YES;
				INFOPLIST_KEY_UILaunchStoryboardName = LaunchScreen;
				INFOPLIST_KEY_UISupportedInterfaceOrientations_iPad = "UIInterfaceOrientationPortrait UIInterfaceOrientationPortraitUpsideDown UIInterfaceOrientationLandscapeLeft UIInterfaceOrientationLandscapeRight";
				INFOPLIST_KEY_UISupportedInterfaceOrientations_iPhone = "UIInterfaceOrientationPortrait UIInterfaceOrientationLandscapeLeft UIInterfaceOrientationLandscapeRight";
				LD_RUNPATH_SEARCH_PATHS = (
					"$(inherited)",
					"@executable_path/Frameworks",
				);
				MARKETING_VERSION = 1.0;
				PRODUCT_BUNDLE_IDENTIFIER = com.conxsys.Microapps;
				PRODUCT_NAME = "$(TARGET_NAME)";
				SWIFT_EMIT_LOC_STRINGS = YES;
				SWIFT_VERSION = 5.0;
				TARGETED_DEVICE_FAMILY = "1,2";
			};
			name = Debug;
		};
		A67247152A62FD5D00952BD6 /* Release */ = {
			isa = XCBuildConfiguration;
			buildSettings = {
				ASSETCATALOG_COMPILER_APPICON_NAME = AppIcon;
				ASSETCATALOG_COMPILER_GLOBAL_ACCENT_COLOR_NAME = AccentColor;
				CODE_SIGN_STYLE = Automatic;
				CURRENT_PROJECT_VERSION = 1;
				DEVELOPMENT_TEAM = TJLN73FNPN;
				GENERATE_INFOPLIST_FILE = YES;
				INFOPLIST_FILE = Microapps/Info.plist;
				INFOPLIST_KEY_UIApplicationSupportsIndirectInputEvents = YES;
				INFOPLIST_KEY_UILaunchStoryboardName = LaunchScreen;
				INFOPLIST_KEY_UISupportedInterfaceOrientations_iPad = "UIInterfaceOrientationPortrait UIInterfaceOrientationPortraitUpsideDown UIInterfaceOrientationLandscapeLeft UIInterfaceOrientationLandscapeRight";
				INFOPLIST_KEY_UISupportedInterfaceOrientations_iPhone = "UIInterfaceOrientationPortrait UIInterfaceOrientationLandscapeLeft UIInterfaceOrientationLandscapeRight";
				LD_RUNPATH_SEARCH_PATHS = (
					"$(inherited)",
					"@executable_path/Frameworks",
				);
				MARKETING_VERSION = 1.0;
				PRODUCT_BUNDLE_IDENTIFIER = com.conxsys.Microapps;
				PRODUCT_NAME = "$(TARGET_NAME)";
				SWIFT_EMIT_LOC_STRINGS = YES;
				SWIFT_VERSION = 5.0;
				TARGETED_DEVICE_FAMILY = "1,2";
			};
			name = Release;
		};
/* End XCBuildConfiguration section */

/* Begin XCConfigurationList section */
		A67246FA2A62FD5C00952BD6 /* Build configuration list for PBXProject "Microapps" */ = {
			isa = XCConfigurationList;
			buildConfigurations = (
				A67247112A62FD5D00952BD6 /* Debug */,
				A67247122A62FD5D00952BD6 /* Release */,
			);
			defaultConfigurationIsVisible = 0;
			defaultConfigurationName = Release;
		};
		A67247132A62FD5D00952BD6 /* Build configuration list for PBXNativeTarget "Microapps" */ = {
			isa = XCConfigurationList;
			buildConfigurations = (
				A67247142A62FD5D00952BD6 /* Debug */,
				A67247152A62FD5D00952BD6 /* Release */,
			);
			defaultConfigurationIsVisible = 0;
			defaultConfigurationName = Release;
		};
/* End XCConfigurationList section */
	};
	rootObject = A67246F72A62FD5C00952BD6 /* Project object */;
}
